
Microsoft Visual Studio Solution File, Format Version 12.00
# Visual Studio 15
VisualStudioVersion = 15.0.27130.2010
MinimumVisualStudioVersion = 10.0.40219.1
Project("{FAE04EC0-301F-11D3-BF4B-00C04F79EFBC}") = "SwRestaurant_Taberna", "SwJugueriaAgustin\SwRestaurant_Taberna.csproj", "{0FDF46D5-C717-425A-A72D-A70EE45B0CB3}"
EndProject
Project("{FAE04EC0-301F-11D3-BF4B-00C04F79EFBC}") = "SwTeclado", "SwTeclado\SwTeclado.csproj", "{5632EC89-CE60-477E-84A6-38BC781EBB5A}"
EndProject
Global
	GlobalSection(SolutionConfigurationPlatforms) = preSolution
		Debug|Any CPU = Debug|Any CPU
		Release|Any CPU = Release|Any CPU
	EndGlobalSection
	GlobalSection(ProjectConfigurationPlatforms) = postSolution
		{0FDF46D5-C717-425A-A72D-A70EE45B0CB3}.Debug|Any CPU.ActiveCfg = Debug|Any CPU
		{0FDF46D5-C717-425A-A72D-A70EE45B0CB3}.Debug|Any CPU.Build.0 = Debug|Any CPU
		{0FDF46D5-C717-425A-A72D-A70EE45B0CB3}.Release|Any CPU.ActiveCfg = Release|Any CPU
		{0FDF46D5-C717-425A-A72D-A70EE45B0CB3}.Release|Any CPU.Build.0 = Release|Any CPU
		{5632EC89-CE60-477E-84A6-38BC781EBB5A}.Debug|Any CPU.ActiveCfg = Debug|Any CPU
		{5632EC89-CE60-477E-84A6-38BC781EBB5A}.Debug|Any CPU.Build.0 = Debug|Any CPU
		{5632EC89-CE60-477E-84A6-38BC781EBB5A}.Release|Any CPU.ActiveCfg = Release|Any CPU
		{5632EC89-CE60-477E-84A6-38BC781EBB5A}.Release|Any CPU.Build.0 = Release|Any CPU
	EndGlobalSection
	GlobalSection(SolutionProperties) = preSolution
		HideSolutionNode = FALSE
	EndGlobalSection
	GlobalSection(ExtensibilityGlobals) = postSolution
		SolutionGuid = {90E14271-F9FE-4F38-9B88-5E6AF25E900A}
	EndGlobalSection
EndGlobal
